
Microsoft Visual Studio Solution File, Format Version 12.00
# Visual Studio Version 17
VisualStudioVersion = 17.10.34928.147
MinimumVisualStudioVersion = 10.0.40219.1
Project("{FAE04EC0-301F-11D3-BF4B-00C04F79EFBC}") = "AddressBookForm", "AddressBookForm.csproj", "{EAD185B9-207A-4D29-9673-C2EAE9996248}"
EndProject
Global
	GlobalSection(SolutionConfigurationPlatforms) = preSolution
		Debug|Any CPU = Debug|Any CPU
		Release|Any CPU = Release|Any CPU
	EndGlobalSection
	GlobalSection(ProjectConfigurationPlatforms) = postSolution
		{EAD185B9-207A-4D29-9673-C2EAE9996248}.Debug|Any CPU.ActiveCfg = Debug|Any CPU
		{EAD185B9-207A-4D29-9673-C2EAE9996248}.Debug|Any CPU.Build.0 = Debug|Any CPU
		{EAD185B9-207A-4D29-9673-C2EAE9996248}.Release|Any CPU.ActiveCfg = Release|Any CPU
		{EAD185B9-207A-4D29-9673-C2EAE9996248}.Release|Any CPU.Build.0 = Release|Any CPU
	EndGlobalSection
	GlobalSection(SolutionProperties) = preSolution
		HideSolutionNode = FALSE
	EndGlobalSection
	GlobalSection(ExtensibilityGlobals) = postSolution
		SolutionGuid = {261141FD-31DC-474C-AD03-25267BE46D81}
	EndGlobalSection
EndGlobal
